
Microsoft Visual Studio Solution File, Format Version 12.00
# Visual Studio 15
VisualStudioVersion = 15.0.28307.1321
MinimumVisualStudioVersion = 10.0.40219.1
Project("{8BC9CEB8-8B4A-11D0-8D11-00A0C91BC942}") = "pointerOffset02", "pointerOffset02\pointerOffset02.vcxproj", "{B4786B61-DBBB-4B58-A6DE-D7B0A4B769F3}"
EndProject
Global
	GlobalSection(SolutionConfigurationPlatforms) = preSolution
		Debug|x64 = Debug|x64
		Debug|x86 = Debug|x86
		Release|x64 = Release|x64
		Release|x86 = Release|x86
	EndGlobalSection
	GlobalSection(ProjectConfigurationPlatforms) = postSolution
		{B4786B61-DBBB-4B58-A6DE-D7B0A4B769F3}.Debug|x64.ActiveCfg = Debug|x64
		{B4786B61-DBBB-4B58-A6DE-D7B0A4B769F3}.Debug|x64.Build.0 = Debug|x64
		{B4786B61-DBBB-4B58-A6DE-D7B0A4B769F3}.Debug|x86.ActiveCfg = Debug|Win32
		{B4786B61-DBBB-4B58-A6DE-D7B0A4B769F3}.Debug|x86.Build.0 = Debug|Win32
		{B4786B61-DBBB-4B58-A6DE-D7B0A4B769F3}.Release|x64.ActiveCfg = Release|x64
		{B4786B61-DBBB-4B58-A6DE-D7B0A4B769F3}.Release|x64.Build.0 = Release|x64
		{B4786B61-DBBB-4B58-A6DE-D7B0A4B769F3}.Release|x86.ActiveCfg = Release|Win32
		{B4786B61-DBBB-4B58-A6DE-D7B0A4B769F3}.Release|x86.Build.0 = Release|Win32
	EndGlobalSection
	GlobalSection(SolutionProperties) = preSolution
		HideSolutionNode = FALSE
	EndGlobalSection
	GlobalSection(ExtensibilityGlobals) = postSolution
		SolutionGuid = {3748F507-0C35-497C-A3BF-F8D50D18341B}
	EndGlobalSection
EndGlobal
