
Microsoft Visual Studio Solution File, Format Version 12.00
# Visual Studio Version 16
VisualStudioVersion = 16.0.31019.35
MinimumVisualStudioVersion = 10.0.40219.1
Project("{FAE04EC0-301F-11D3-BF4B-00C04F79EFBC}") = "LicenceKeyGenerator", "LicenceKeyGenerator.csproj", "{255A0C68-1426-45EC-AEE0-78A69DADDCB7}"
EndProject
Global
	GlobalSection(SolutionConfigurationPlatforms) = preSolution
		Debug|Any CPU = Debug|Any CPU
		Release|Any CPU = Release|Any CPU
	EndGlobalSection
	GlobalSection(ProjectConfigurationPlatforms) = postSolution
		{255A0C68-1426-45EC-AEE0-78A69DADDCB7}.Debug|Any CPU.ActiveCfg = Debug|Any CPU
		{255A0C68-1426-45EC-AEE0-78A69DADDCB7}.Debug|Any CPU.Build.0 = Debug|Any CPU
		{255A0C68-1426-45EC-AEE0-78A69DADDCB7}.Release|Any CPU.ActiveCfg = Release|Any CPU
		{255A0C68-1426-45EC-AEE0-78A69DADDCB7}.Release|Any CPU.Build.0 = Release|Any CPU
	EndGlobalSection
	GlobalSection(SolutionProperties) = preSolution
		HideSolutionNode = FALSE
	EndGlobalSection
	GlobalSection(ExtensibilityGlobals) = postSolution
		SolutionGuid = {BA53E2A0-C0C7-4106-87D4-63D69FBFF14F}
	EndGlobalSection
EndGlobal
